
Microsoft Visual Studio Solution File, Format Version 12.00
# Visual Studio 2013
VisualStudioVersion = 12.0.31101.0
MinimumVisualStudioVersion = 10.0.40219.1
Project("{8BC9CEB8-8B4A-11D0-8D11-00A0C91BC942}") = "MainWidnow", "MainWidnow\MainWidnow.vcxproj", "{6C98B28A-617B-4903-B54B-DBD19590338A}"
EndProject
Project("{8BC9CEB8-8B4A-11D0-8D11-00A0C91BC942}") = "The Open Dialog Box", "The Open Dialog Box\The Open Dialog Box.vcxproj", "{5A34EBD0-6001-4838-A71A-2AC1CBB7E6D7}"
EndProject
Project("{8BC9CEB8-8B4A-11D0-8D11-00A0C91BC942}") = "Window and Open dialog", "Window and Open dialog\Window and Open dialog.vcxproj", "{0FEE1DC7-23FD-4944-8A69-36D7BA254307}"
EndProject
Project("{8BC9CEB8-8B4A-11D0-8D11-00A0C91BC942}") = "Your First Windows Program", "Your First Windows Program\Your First Windows Program.vcxproj", "{53F03311-7946-4698-AEE1-E9A71003DA68}"
EndProject
Global
	GlobalSection(SolutionConfigurationPlatforms) = preSolution
		Debug|Win32 = Debug|Win32
		Release|Win32 = Release|Win32
	EndGlobalSection
	GlobalSection(ProjectConfigurationPlatforms) = postSolution
		{6C98B28A-617B-4903-B54B-DBD19590338A}.Debug|Win32.ActiveCfg = Debug|Win32
		{6C98B28A-617B-4903-B54B-DBD19590338A}.Debug|Win32.Build.0 = Debug|Win32
		{6C98B28A-617B-4903-B54B-DBD19590338A}.Release|Win32.ActiveCfg = Release|Win32
		{6C98B28A-617B-4903-B54B-DBD19590338A}.Release|Win32.Build.0 = Release|Win32
		{5A34EBD0-6001-4838-A71A-2AC1CBB7E6D7}.Debug|Win32.ActiveCfg = Debug|Win32
		{5A34EBD0-6001-4838-A71A-2AC1CBB7E6D7}.Debug|Win32.Build.0 = Debug|Win32
		{5A34EBD0-6001-4838-A71A-2AC1CBB7E6D7}.Release|Win32.ActiveCfg = Release|Win32
		{5A34EBD0-6001-4838-A71A-2AC1CBB7E6D7}.Release|Win32.Build.0 = Release|Win32
		{0FEE1DC7-23FD-4944-8A69-36D7BA254307}.Debug|Win32.ActiveCfg = Debug|Win32
		{0FEE1DC7-23FD-4944-8A69-36D7BA254307}.Debug|Win32.Build.0 = Debug|Win32
		{0FEE1DC7-23FD-4944-8A69-36D7BA254307}.Release|Win32.ActiveCfg = Release|Win32
		{0FEE1DC7-23FD-4944-8A69-36D7BA254307}.Release|Win32.Build.0 = Release|Win32
		{53F03311-7946-4698-AEE1-E9A71003DA68}.Debug|Win32.ActiveCfg = Debug|Win32
		{53F03311-7946-4698-AEE1-E9A71003DA68}.Debug|Win32.Build.0 = Debug|Win32
		{53F03311-7946-4698-AEE1-E9A71003DA68}.Release|Win32.ActiveCfg = Release|Win32
		{53F03311-7946-4698-AEE1-E9A71003DA68}.Release|Win32.Build.0 = Release|Win32
	EndGlobalSection
	GlobalSection(SolutionProperties) = preSolution
		HideSolutionNode = FALSE
	EndGlobalSection
EndGlobal
